PODS:
  - Alamofire+Result (3.0.0):
    - Result (~> 0.6.0-beta.4)
  - Result (0.6.0-beta.4)

DEPENDENCIES:
  - Alamofire+Result (from `./`)
  - Result (= 0.6.0-beta.4)

EXTERNAL SOURCES:
  Alamofire+Result:
    :path: "./"

SPEC CHECKSUMS:
  Alamofire+Result: 09398e0f3617755d119512f21fce5b76c13af357
  Result: f7927152cbaec0c043abb06ba0bc432678818418

COCOAPODS: 0.39.0
